FORGE
  remote: https://forge.puppetlabs.com
  specs:
    puppetlabs-concat (7.0.0)
      puppetlabs-stdlib (>= 4.13.1, < 8.0.0)
      puppetlabs-translate (>= 1.0.0, < 3.0.0)
    puppetlabs-stdlib (6.6.0)
    puppetlabs-translate (2.2.0)
    saz-locales (3.2.0)
    saz-timezone (6.3.0)
      stm-debconf (>= 2.0.0, < 6.0.0)
    stm-debconf (5.0.0)

PATH
  remote: custom_modules/facts
  specs:
    krk-facts (0.0.1)

PATH
  remote: custom_modules/linux_security
  specs:
    krk-linux_security (0.0.1)

PATH
  remote: custom_modules/puppet_server
  specs:
    krk-puppet_server (0.0.1)

PATH
  remote: custom_modules/puppetagent
  specs:
    krk-puppetagent (0.0.1)

PATH
  remote: profile
  specs:
    krk-profile (0.0.1)

PATH
  remote: role
  specs:
    krk-role (0.0.1)

DEPENDENCIES
  krk-facts (>= 0)
  krk-linux_security (>= 0)
  krk-profile (>= 0)
  krk-puppet_server (>= 0)
  krk-puppetagent (>= 0)
  krk-role (>= 0)
  puppetlabs-concat (= 7.0.0)
  puppetlabs-stdlib (= 6.6.0)
  saz-locales (= 3.2.0)
  saz-timezone (= 6.3.0)

